
Microsoft Visual Studio Solution File, Format Version 12.00
# Visual Studio 15
VisualStudioVersion = 15.0.28307.168
MinimumVisualStudioVersion = 10.0.40219.1
Project("{FAE04EC0-301F-11D3-BF4B-00C04F79EFBC}") = "KlasaFile", "KlasaFile\KlasaFile.csproj", "{179BBB2D-4D7A-407D-8871-DD8D280DA60C}"
EndProject
Global
	GlobalSection(SolutionConfigurationPlatforms) = preSolution
		Debug|Any CPU = Debug|Any CPU
		Release|Any CPU = Release|Any CPU
	EndGlobalSection
	GlobalSection(ProjectConfigurationPlatforms) = postSolution
		{179BBB2D-4D7A-407D-8871-DD8D280DA60C}.Debug|Any CPU.ActiveCfg = Debug|Any CPU
		{179BBB2D-4D7A-407D-8871-DD8D280DA60C}.Debug|Any CPU.Build.0 = Debug|Any CPU
		{179BBB2D-4D7A-407D-8871-DD8D280DA60C}.Release|Any CPU.ActiveCfg = Release|Any CPU
		{179BBB2D-4D7A-407D-8871-DD8D280DA60C}.Release|Any CPU.Build.0 = Release|Any CPU
	EndGlobalSection
	GlobalSection(SolutionProperties) = preSolution
		HideSolutionNode = FALSE
	EndGlobalSection
	GlobalSection(ExtensibilityGlobals) = postSolution
		SolutionGuid = {C23ABB78-3EF2-4F45-8422-062BF1D8AFE4}
	EndGlobalSection
EndGlobal
