
Microsoft Visual Studio Solution File, Format Version 12.00
# Visual Studio 15
VisualStudioVersion = 15.0.28307.168
MinimumVisualStudioVersion = 10.0.40219.1
Project("{FAE04EC0-301F-11D3-BF4B-00C04F79EFBC}") = "KlaseDirectoryInfoFileInfo", "KlaseDirectoryInfoFileInfo\KlaseDirectoryInfoFileInfo.csproj", "{08052681-7952-4481-A91B-0F159A56D071}"
EndProject
Global
	GlobalSection(SolutionConfigurationPlatforms) = preSolution
		Debug|Any CPU = Debug|Any CPU
		Release|Any CPU = Release|Any CPU
	EndGlobalSection
	GlobalSection(ProjectConfigurationPlatforms) = postSolution
		{08052681-7952-4481-A91B-0F159A56D071}.Debug|Any CPU.ActiveCfg = Debug|Any CPU
		{08052681-7952-4481-A91B-0F159A56D071}.Debug|Any CPU.Build.0 = Debug|Any CPU
		{08052681-7952-4481-A91B-0F159A56D071}.Release|Any CPU.ActiveCfg = Release|Any CPU
		{08052681-7952-4481-A91B-0F159A56D071}.Release|Any CPU.Build.0 = Release|Any CPU
	EndGlobalSection
	GlobalSection(SolutionProperties) = preSolution
		HideSolutionNode = FALSE
	EndGlobalSection
	GlobalSection(ExtensibilityGlobals) = postSolution
		SolutionGuid = {663074DA-EF09-4C16-9B70-CCFC107C5FE8}
	EndGlobalSection
EndGlobal
