
Microsoft Visual Studio Solution File, Format Version 12.00
# Visual Studio 15
VisualStudioVersion = 15.0.28307.168
MinimumVisualStudioVersion = 10.0.40219.1
Project("{FAE04EC0-301F-11D3-BF4B-00C04F79EFBC}") = "MijajlovicMarkoImageListKomponenta", "MijajlovicMarkoImageListKomponenta\MijajlovicMarkoImageListKomponenta.csproj", "{C9FFB509-CF95-4C57-8B7E-A4E45207F42D}"
EndProject
Global
	GlobalSection(SolutionConfigurationPlatforms) = preSolution
		Debug|Any CPU = Debug|Any CPU
		Release|Any CPU = Release|Any CPU
	EndGlobalSection
	GlobalSection(ProjectConfigurationPlatforms) = postSolution
		{C9FFB509-CF95-4C57-8B7E-A4E45207F42D}.Debug|Any CPU.ActiveCfg = Debug|Any CPU
		{C9FFB509-CF95-4C57-8B7E-A4E45207F42D}.Debug|Any CPU.Build.0 = Debug|Any CPU
		{C9FFB509-CF95-4C57-8B7E-A4E45207F42D}.Release|Any CPU.ActiveCfg = Release|Any CPU
		{C9FFB509-CF95-4C57-8B7E-A4E45207F42D}.Release|Any CPU.Build.0 = Release|Any CPU
	EndGlobalSection
	GlobalSection(SolutionProperties) = preSolution
		HideSolutionNode = FALSE
	EndGlobalSection
	GlobalSection(ExtensibilityGlobals) = postSolution
		SolutionGuid = {69FE5715-53D4-407A-A198-811E4B90F4ED}
	EndGlobalSection
EndGlobal
